
Microsoft Visual Studio Solution File, Format Version 12.00
# Visual Studio 15
VisualStudioVersion = 15.0.27428.2037
MinimumVisualStudioVersion = 10.0.40219.1
Project("{FAE04EC0-301F-11D3-BF4B-00C04F79EFBC}") = "Yort.Ntp.XFSample.Android", "Yort.Ntp.XFSample\Yort.Ntp.XFSample.Android\Yort.Ntp.XFSample.Android.csproj", "{ABFE3362-B6AE-4671-BD44-364586E76005}"
EndProject
Project("{FAE04EC0-301F-11D3-BF4B-00C04F79EFBC}") = "Yort.Ntp.XFSample.iOS", "Yort.Ntp.XFSample\Yort.Ntp.XFSample.iOS\Yort.Ntp.XFSample.iOS.csproj", "{F77B278D-3E2A-4A81-B6B8-FB0EEF4000A9}"
EndProject
Project("{FAE04EC0-301F-11D3-BF4B-00C04F79EFBC}") = "Yort.Ntp.XFSample.UWP", "Yort.Ntp.XFSample\Yort.Ntp.XFSample.UWP\Yort.Ntp.XFSample.UWP.csproj", "{C3225514-844B-48CB-BDC9-5C839748B113}"
EndProject
Project("{D954291E-2A0B-460D-934E-DC6B0785DB48}") = "Yort.Ntp.XFSample", "Yort.Ntp.XFSample\Yort.Ntp.XFSample\Yort.Ntp.XFSample.shproj", "{7946DB79-412F-4737-8C7A-5707AD9EE93E}"
EndProject
Global
	GlobalSection(SharedMSBuildProjectFiles) = preSolution
		Yort.Ntp.XFSample\Yort.Ntp.XFSample\Yort.Ntp.XFSample.projitems*{7946db79-412f-4737-8c7a-5707ad9ee93e}*SharedItemsImports = 13
		Yort.Ntp.XFSample\Yort.Ntp.XFSample\Yort.Ntp.XFSample.projitems*{abfe3362-b6ae-4671-bd44-364586e76005}*SharedItemsImports = 4
		Yort.Ntp.XFSample\Yort.Ntp.XFSample\Yort.Ntp.XFSample.projitems*{c3225514-844b-48cb-bdc9-5c839748b113}*SharedItemsImports = 4
		Yort.Ntp.XFSample\Yort.Ntp.XFSample\Yort.Ntp.XFSample.projitems*{f77b278d-3e2a-4a81-b6b8-fb0eef4000a9}*SharedItemsImports = 4
	EndGlobalSection
	GlobalSection(SolutionConfigurationPlatforms) = preSolution
		Ad-Hoc|Any CPU = Ad-Hoc|Any CPU
		Ad-Hoc|ARM = Ad-Hoc|ARM
		Ad-Hoc|iPhone = Ad-Hoc|iPhone
		Ad-Hoc|iPhoneSimulator = Ad-Hoc|iPhoneSimulator
		Ad-Hoc|x64 = Ad-Hoc|x64
		Ad-Hoc|x86 = Ad-Hoc|x86
		AppStore|Any CPU = AppStore|Any CPU
		AppStore|ARM = AppStore|ARM
		AppStore|iPhone = AppStore|iPhone
		AppStore|iPhoneSimulator = AppStore|iPhoneSimulator
		AppStore|x64 = AppStore|x64
		AppStore|x86 = AppStore|x86
		Debug|Any CPU = Debug|Any CPU
		Debug|ARM = Debug|ARM
		Debug|iPhone = Debug|iPhone
		Debug|iPhoneSimulator = Debug|iPhoneSimulator
		Debug|x64 = Debug|x64
		Debug|x86 = Debug|x86
		Release|Any CPU = Release|Any CPU
		Release|ARM = Release|ARM
		Release|iPhone = Release|iPhone
		Release|iPhoneSimulator = Release|iPhoneSimulator
		Release|x64 = Release|x64
		Release|x86 = Release|x86
	EndGlobalSection
	GlobalSection(ProjectConfigurationPlatforms) = postSolution
		{ABFE3362-B6AE-4671-BD44-364586E76005}.Ad-Hoc|Any CPU.ActiveCfg = Release|Any CPU
		{ABFE3362-B6AE-4671-BD44-364586E76005}.Ad-Hoc|Any CPU.Build.0 = Release|Any CPU
		{ABFE3362-B6AE-4671-BD44-364586E76005}.Ad-Hoc|Any CPU.Deploy.0 = Release|Any CPU
		{ABFE3362-B6AE-4671-BD44-364586E76005}.Ad-Hoc|ARM.ActiveCfg = Release|Any CPU
		{ABFE3362-B6AE-4671-BD44-364586E76005}.Ad-Hoc|ARM.Build.0 = Release|Any CPU
		{ABFE3362-B6AE-4671-BD44-364586E76005}.Ad-Hoc|ARM.Deploy.0 = Release|Any CPU
		{ABFE3362-B6AE-4671-BD44-364586E76005}.Ad-Hoc|iPhone.ActiveCfg = Release|Any CPU
		{ABFE3362-B6AE-4671-BD44-364586E76005}.Ad-Hoc|iPhone.Build.0 = Release|Any CPU
		{ABFE3362-B6AE-4671-BD44-364586E76005}.Ad-Hoc|iPhone.Deploy.0 = Release|Any CPU
		{ABFE3362-B6AE-4671-BD44-364586E76005}.Ad-Hoc|iPhoneSimulator.ActiveCfg = Release|Any CPU
		{ABFE3362-B6AE-4671-BD44-364586E76005}.Ad-Hoc|iPhoneSimulator.Build.0 = Release|Any CPU
		{ABFE3362-B6AE-4671-BD44-364586E76005}.Ad-Hoc|iPhoneSimulator.Deploy.0 = Release|Any CPU
		{ABFE3362-B6AE-4671-BD44-364586E76005}.Ad-Hoc|x64.ActiveCfg = Release|Any CPU
		{ABFE3362-B6AE-4671-BD44-364586E76005}.Ad-Hoc|x64.Build.0 = Release|Any CPU
		{ABFE3362-B6AE-4671-BD44-364586E76005}.Ad-Hoc|x64.Deploy.0 = Release|Any CPU
		{ABFE3362-B6AE-4671-BD44-364586E76005}.Ad-Hoc|x86.ActiveCfg = Release|Any CPU
		{ABFE3362-B6AE-4671-BD44-364586E76005}.Ad-Hoc|x86.Build.0 = Release|Any CPU
		{ABFE3362-B6AE-4671-BD44-364586E76005}.Ad-Hoc|x86.Deploy.0 = Release|Any CPU
		{ABFE3362-B6AE-4671-BD44-364586E76005}.AppStore|Any CPU.ActiveCfg = Release|Any CPU
		{ABFE3362-B6AE-4671-BD44-364586E76005}.AppStore|Any CPU.Build.0 = Release|Any CPU
		{ABFE3362-B6AE-4671-BD44-364586E76005}.AppStore|Any CPU.Deploy.0 = Release|Any CPU
		{ABFE3362-B6AE-4671-BD44-364586E76005}.AppStore|ARM.ActiveCfg = Release|Any CPU
		{ABFE3362-B6AE-4671-BD44-364586E76005}.AppStore|ARM.Build.0 = Release|Any CPU
		{ABFE3362-B6AE-4671-BD44-364586E76005}.AppStore|ARM.Deploy.0 = Release|Any CPU
		{ABFE3362-B6AE-4671-BD44-364586E76005}.AppStore|iPhone.ActiveCfg = Release|Any CPU
		{ABFE3362-B6AE-4671-BD44-364586E76005}.AppStore|iPhone.Build.0 = Release|Any CPU
		{ABFE3362-B6AE-4671-BD44-364586E76005}.AppStore|iPhone.Deploy.0 = Release|Any CPU
		{ABFE3362-B6AE-4671-BD44-364586E76005}.AppStore|iPhoneSimulator.ActiveCfg = Release|Any CPU
		{ABFE3362-B6AE-4671-BD44-364586E76005}.AppStore|iPhoneSimulator.Build.0 = Release|Any CPU
		{ABFE3362-B6AE-4671-BD44-364586E76005}.AppStore|iPhoneSimulator.Deploy.0 = Release|Any CPU
		{ABFE3362-B6AE-4671-BD44-364586E76005}.AppStore|x64.ActiveCfg = Release|Any CPU
		{ABFE3362-B6AE-4671-BD44-364586E76005}.AppStore|x64.Build.0 = Release|Any CPU
		{ABFE3362-B6AE-4671-BD44-364586E76005}.AppStore|x64.Deploy.0 = Release|Any CPU
		{ABFE3362-B6AE-4671-BD44-364586E76005}.AppStore|x86.ActiveCfg = Release|Any CPU
		{ABFE3362-B6AE-4671-BD44-364586E76005}.AppStore|x86.Build.0 = Release|Any CPU
		{ABFE3362-B6AE-4671-BD44-364586E76005}.AppStore|x86.Deploy.0 = Release|Any CPU
		{ABFE3362-B6AE-4671-BD44-364586E76005}.Debug|Any CPU.ActiveCfg = Debug|Any CPU
		{ABFE3362-B6AE-4671-BD44-364586E76005}.Debug|Any CPU.Build.0 = Debug|Any CPU
		{ABFE3362-B6AE-4671-BD44-364586E76005}.Debug|Any CPU.Deploy.0 = Debug|Any CPU
		{ABFE3362-B6AE-4671-BD44-364586E76005}.Debug|ARM.ActiveCfg = Debug|Any CPU
		{ABFE3362-B6AE-4671-BD44-364586E76005}.Debug|ARM.Build.0 = Debug|Any CPU
		{ABFE3362-B6AE-4671-BD44-364586E76005}.Debug|ARM.Deploy.0 = Debug|Any CPU
		{ABFE3362-B6AE-4671-BD44-364586E76005}.Debug|iPhone.ActiveCfg = Debug|Any CPU
		{ABFE3362-B6AE-4671-BD44-364586E76005}.Debug|iPhone.Build.0 = Debug|Any CPU
		{ABFE3362-B6AE-4671-BD44-364586E76005}.Debug|iPhone.Deploy.0 = Debug|Any CPU
		{ABFE3362-B6AE-4671-BD44-364586E76005}.Debug|iPhoneSimulator.ActiveCfg = Debug|Any CPU
		{ABFE3362-B6AE-4671-BD44-364586E76005}.Debug|iPhoneSimulator.Build.0 = Debug|Any CPU
		{ABFE3362-B6AE-4671-BD44-364586E76005}.Debug|iPhoneSimulator.Deploy.0 = Debug|Any CPU
		{ABFE3362-B6AE-4671-BD44-364586E76005}.Debug|x64.ActiveCfg = Debug|Any CPU
		{ABFE3362-B6AE-4671-BD44-364586E76005}.Debug|x64.Build.0 = Debug|Any CPU
		{ABFE3362-B6AE-4671-BD44-364586E76005}.Debug|x64.Deploy.0 = Debug|Any CPU
		{ABFE3362-B6AE-4671-BD44-364586E76005}.Debug|x86.ActiveCfg = Debug|Any CPU
		{ABFE3362-B6AE-4671-BD44-364586E76005}.Debug|x86.Build.0 = Debug|Any CPU
		{ABFE3362-B6AE-4671-BD44-364586E76005}.Debug|x86.Deploy.0 = Debug|Any CPU
		{ABFE3362-B6AE-4671-BD44-364586E76005}.Release|Any CPU.ActiveCfg = Release|Any CPU
		{ABFE3362-B6AE-4671-BD44-364586E76005}.Release|Any CPU.Build.0 = Release|Any CPU
		{ABFE3362-B6AE-4671-BD44-364586E76005}.Release|Any CPU.Deploy.0 = Release|Any CPU
		{ABFE3362-B6AE-4671-BD44-364586E76005}.Release|ARM.ActiveCfg = Release|Any CPU
		{ABFE3362-B6AE-4671-BD44-364586E76005}.Release|ARM.Build.0 = Release|Any CPU
		{ABFE3362-B6AE-4671-BD44-364586E76005}.Release|ARM.Deploy.0 = Release|Any CPU
		{ABFE3362-B6AE-4671-BD44-364586E76005}.Release|iPhone.ActiveCfg = Release|Any CPU
		{ABFE3362-B6AE-4671-BD44-364586E76005}.Release|iPhone.Build.0 = Release|Any CPU
		{ABFE3362-B6AE-4671-BD44-364586E76005}.Release|iPhone.Deploy.0 = Release|Any CPU
		{ABFE3362-B6AE-4671-BD44-364586E76005}.Release|iPhoneSimulator.ActiveCfg = Release|Any CPU
		{ABFE3362-B6AE-4671-BD44-364586E76005}.Release|iPhoneSimulator.Build.0 = Release|Any CPU
		{ABFE3362-B6AE-4671-BD44-364586E76005}.Release|iPhoneSimulator.Deploy.0 = Release|Any CPU
		{ABFE3362-B6AE-4671-BD44-364586E76005}.Release|x64.ActiveCfg = Release|Any CPU
		{ABFE3362-B6AE-4671-BD44-364586E76005}.Release|x64.Build.0 = Release|Any CPU
		{ABFE3362-B6AE-4671-BD44-364586E76005}.Release|x64.Deploy.0 = Release|Any CPU
		{ABFE3362-B6AE-4671-BD44-364586E76005}.Release|x86.ActiveCfg = Release|Any CPU
		{ABFE3362-B6AE-4671-BD44-364586E76005}.Release|x86.Build.0 = Release|Any CPU
		{ABFE3362-B6AE-4671-BD44-364586E76005}.Release|x86.Deploy.0 = Release|Any CPU
		{F77B278D-3E2A-4A81-B6B8-FB0EEF4000A9}.Ad-Hoc|Any CPU.ActiveCfg = Ad-Hoc|iPhone
		{F77B278D-3E2A-4A81-B6B8-FB0EEF4000A9}.Ad-Hoc|ARM.ActiveCfg = Ad-Hoc|iPhone
		{F77B278D-3E2A-4A81-B6B8-FB0EEF4000A9}.Ad-Hoc|iPhone.ActiveCfg = Ad-Hoc|iPhone
		{F77B278D-3E2A-4A81-B6B8-FB0EEF4000A9}.Ad-Hoc|iPhone.Build.0 = Ad-Hoc|iPhone
		{F77B278D-3E2A-4A81-B6B8-FB0EEF4000A9}.Ad-Hoc|iPhoneSimulator.ActiveCfg = Ad-Hoc|iPhoneSimulator
		{F77B278D-3E2A-4A81-B6B8-FB0EEF4000A9}.Ad-Hoc|iPhoneSimulator.Build.0 = Ad-Hoc|iPhoneSimulator
		{F77B278D-3E2A-4A81-B6B8-FB0EEF4000A9}.Ad-Hoc|x64.ActiveCfg = Ad-Hoc|iPhone
		{F77B278D-3E2A-4A81-B6B8-FB0EEF4000A9}.Ad-Hoc|x86.ActiveCfg = Ad-Hoc|iPhone
		{F77B278D-3E2A-4A81-B6B8-FB0EEF4000A9}.AppStore|Any CPU.ActiveCfg = AppStore|iPhone
		{F77B278D-3E2A-4A81-B6B8-FB0EEF4000A9}.AppStore|ARM.ActiveCfg = AppStore|iPhone
		{F77B278D-3E2A-4A81-B6B8-FB0EEF4000A9}.AppStore|iPhone.ActiveCfg = AppStore|iPhone
		{F77B278D-3E2A-4A81-B6B8-FB0EEF4000A9}.AppStore|iPhone.Build.0 = AppStore|iPhone
		{F77B278D-3E2A-4A81-B6B8-FB0EEF4000A9}.AppStore|iPhoneSimulator.ActiveCfg = AppStore|iPhoneSimulator
		{F77B278D-3E2A-4A81-B6B8-FB0EEF4000A9}.AppStore|iPhoneSimulator.Build.0 = AppStore|iPhoneSimulator
		{F77B278D-3E2A-4A81-B6B8-FB0EEF4000A9}.AppStore|x64.ActiveCfg = AppStore|iPhone
		{F77B278D-3E2A-4A81-B6B8-FB0EEF4000A9}.AppStore|x86.ActiveCfg = AppStore|iPhone
		{F77B278D-3E2A-4A81-B6B8-FB0EEF4000A9}.Debug|Any CPU.ActiveCfg = Debug|iPhone
		{F77B278D-3E2A-4A81-B6B8-FB0EEF4000A9}.Debug|ARM.ActiveCfg = Debug|iPhone
		{F77B278D-3E2A-4A81-B6B8-FB0EEF4000A9}.Debug|iPhone.ActiveCfg = Debug|iPhone
		{F77B278D-3E2A-4A81-B6B8-FB0EEF4000A9}.Debug|iPhone.Build.0 = Debug|iPhone
		{F77B278D-3E2A-4A81-B6B8-FB0EEF4000A9}.Debug|iPhoneSimulator.ActiveCfg = Debug|iPhoneSimulator
		{F77B278D-3E2A-4A81-B6B8-FB0EEF4000A9}.Debug|iPhoneSimulator.Build.0 = Debug|iPhoneSimulator
		{F77B278D-3E2A-4A81-B6B8-FB0EEF4000A9}.Debug|x64.ActiveCfg = Debug|iPhone
		{F77B278D-3E2A-4A81-B6B8-FB0EEF4000A9}.Debug|x86.ActiveCfg = Debug|iPhone
		{F77B278D-3E2A-4A81-B6B8-FB0EEF4000A9}.Release|Any CPU.ActiveCfg = Release|iPhone
		{F77B278D-3E2A-4A81-B6B8-FB0EEF4000A9}.Release|ARM.ActiveCfg = Release|iPhone
		{F77B278D-3E2A-4A81-B6B8-FB0EEF4000A9}.Release|iPhone.ActiveCfg = Release|iPhone
		{F77B278D-3E2A-4A81-B6B8-FB0EEF4000A9}.Release|iPhone.Build.0 = Release|iPhone
		{F77B278D-3E2A-4A81-B6B8-FB0EEF4000A9}.Release|iPhoneSimulator.ActiveCfg = Release|iPhoneSimulator
		{F77B278D-3E2A-4A81-B6B8-FB0EEF4000A9}.Release|iPhoneSimulator.Build.0 = Release|iPhoneSimulator
		{F77B278D-3E2A-4A81-B6B8-FB0EEF4000A9}.Release|x64.ActiveCfg = Release|iPhone
		{F77B278D-3E2A-4A81-B6B8-FB0EEF4000A9}.Release|x86.ActiveCfg = Release|iPhone
		{C3225514-844B-48CB-BDC9-5C839748B113}.Ad-Hoc|Any CPU.ActiveCfg = Release|x86
		{C3225514-844B-48CB-BDC9-5C839748B113}.Ad-Hoc|Any CPU.Build.0 = Release|x86
		{C3225514-844B-48CB-BDC9-5C839748B113}.Ad-Hoc|Any CPU.Deploy.0 = Release|x86
		{C3225514-844B-48CB-BDC9-5C839748B113}.Ad-Hoc|ARM.ActiveCfg = Release|ARM
		{C3225514-844B-48CB-BDC9-5C839748B113}.Ad-Hoc|ARM.Build.0 = Release|ARM
		{C3225514-844B-48CB-BDC9-5C839748B113}.Ad-Hoc|ARM.Deploy.0 = Release|ARM
		{C3225514-844B-48CB-BDC9-5C839748B113}.Ad-Hoc|iPhone.ActiveCfg = Release|x86
		{C3225514-844B-48CB-BDC9-5C839748B113}.Ad-Hoc|iPhone.Build.0 = Release|x86
		{C3225514-844B-48CB-BDC9-5C839748B113}.Ad-Hoc|iPhone.Deploy.0 = Release|x86
		{C3225514-844B-48CB-BDC9-5C839748B113}.Ad-Hoc|iPhoneSimulator.ActiveCfg = Release|x86
		{C3225514-844B-48CB-BDC9-5C839748B113}.Ad-Hoc|iPhoneSimulator.Build.0 = Release|x86
		{C3225514-844B-48CB-BDC9-5C839748B113}.Ad-Hoc|iPhoneSimulator.Deploy.0 = Release|x86
		{C3225514-844B-48CB-BDC9-5C839748B113}.Ad-Hoc|x64.ActiveCfg = Release|x64
		{C3225514-844B-48CB-BDC9-5C839748B113}.Ad-Hoc|x64.Build.0 = Release|x64
		{C3225514-844B-48CB-BDC9-5C839748B113}.Ad-Hoc|x64.Deploy.0 = Release|x64
		{C3225514-844B-48CB-BDC9-5C839748B113}.Ad-Hoc|x86.ActiveCfg = Release|x86
		{C3225514-844B-48CB-BDC9-5C839748B113}.Ad-Hoc|x86.Build.0 = Release|x86
		{C3225514-844B-48CB-BDC9-5C839748B113}.Ad-Hoc|x86.Deploy.0 = Release|x86
		{C3225514-844B-48CB-BDC9-5C839748B113}.AppStore|Any CPU.ActiveCfg = Release|x86
		{C3225514-844B-48CB-BDC9-5C839748B113}.AppStore|Any CPU.Build.0 = Release|x86
		{C3225514-844B-48CB-BDC9-5C839748B113}.AppStore|Any CPU.Deploy.0 = Release|x86
		{C3225514-844B-48CB-BDC9-5C839748B113}.AppStore|ARM.ActiveCfg = Release|ARM
		{C3225514-844B-48CB-BDC9-5C839748B113}.AppStore|ARM.Build.0 = Release|ARM
		{C3225514-844B-48CB-BDC9-5C839748B113}.AppStore|ARM.Deploy.0 = Release|ARM
		{C3225514-844B-48CB-BDC9-5C839748B113}.AppStore|iPhone.ActiveCfg = Release|x86
		{C3225514-844B-48CB-BDC9-5C839748B113}.AppStore|iPhone.Build.0 = Release|x86
		{C3225514-844B-48CB-BDC9-5C839748B113}.AppStore|iPhone.Deploy.0 = Release|x86
		{C3225514-844B-48CB-BDC9-5C839748B113}.AppStore|iPhoneSimulator.ActiveCfg = Release|x86
		{C3225514-844B-48CB-BDC9-5C839748B113}.AppStore|iPhoneSimulator.Build.0 = Release|x86
		{C3225514-844B-48CB-BDC9-5C839748B113}.AppStore|iPhoneSimulator.Deploy.0 = Release|x86
		{C3225514-844B-48CB-BDC9-5C839748B113}.AppStore|x64.ActiveCfg = Release|x64
		{C3225514-844B-48CB-BDC9-5C839748B113}.AppStore|x64.Build.0 = Release|x64
		{C3225514-844B-48CB-BDC9-5C839748B113}.AppStore|x64.Deploy.0 = Release|x64
		{C3225514-844B-48CB-BDC9-5C839748B113}.AppStore|x86.ActiveCfg = Release|x86
		{C3225514-844B-48CB-BDC9-5C839748B113}.AppStore|x86.Build.0 = Release|x86
		{C3225514-844B-48CB-BDC9-5C839748B113}.AppStore|x86.Deploy.0 = Release|x86
		{C3225514-844B-48CB-BDC9-5C839748B113}.Debug|Any CPU.ActiveCfg = Debug|x86
		{C3225514-844B-48CB-BDC9-5C839748B113}.Debug|ARM.ActiveCfg = Debug|ARM
		{C3225514-844B-48CB-BDC9-5C839748B113}.Debug|ARM.Build.0 = Debug|ARM
		{C3225514-844B-48CB-BDC9-5C839748B113}.Debug|ARM.Deploy.0 = Debug|ARM
		{C3225514-844B-48CB-BDC9-5C839748B113}.Debug|iPhone.ActiveCfg = Debug|x86
		{C3225514-844B-48CB-BDC9-5C839748B113}.Debug|iPhoneSimulator.ActiveCfg = Debug|x86
		{C3225514-844B-48CB-BDC9-5C839748B113}.Debug|x64.ActiveCfg = Debug|x64
		{C3225514-844B-48CB-BDC9-5C839748B113}.Debug|x64.Build.0 = Debug|x64
		{C3225514-844B-48CB-BDC9-5C839748B113}.Debug|x64.Deploy.0 = Debug|x64
		{C3225514-844B-48CB-BDC9-5C839748B113}.Debug|x86.ActiveCfg = Debug|x86
		{C3225514-844B-48CB-BDC9-5C839748B113}.Debug|x86.Build.0 = Debug|x86
		{C3225514-844B-48CB-BDC9-5C839748B113}.Debug|x86.Deploy.0 = Debug|x86
		{C3225514-844B-48CB-BDC9-5C839748B113}.Release|Any CPU.ActiveCfg = Release|x86
		{C3225514-844B-48CB-BDC9-5C839748B113}.Release|ARM.ActiveCfg = Release|ARM
		{C3225514-844B-48CB-BDC9-5C839748B113}.Release|ARM.Build.0 = Release|ARM
		{C3225514-844B-48CB-BDC9-5C839748B113}.Release|ARM.Deploy.0 = Release|ARM
		{C3225514-844B-48CB-BDC9-5C839748B113}.Release|iPhone.ActiveCfg = Release|x86
		{C3225514-844B-48CB-BDC9-5C839748B113}.Release|iPhoneSimulator.ActiveCfg = Release|x86
		{C3225514-844B-48CB-BDC9-5C839748B113}.Release|x64.ActiveCfg = Release|x64
		{C3225514-844B-48CB-BDC9-5C839748B113}.Release|x64.Build.0 = Release|x64
		{C3225514-844B-48CB-BDC9-5C839748B113}.Release|x64.Deploy.0 = Release|x64
		{C3225514-844B-48CB-BDC9-5C839748B113}.Release|x86.ActiveCfg = Release|x86
		{C3225514-844B-48CB-BDC9-5C839748B113}.Release|x86.Build.0 = Release|x86
		{C3225514-844B-48CB-BDC9-5C839748B113}.Release|x86.Deploy.0 = Release|x86
	EndGlobalSection
	GlobalSection(SolutionProperties) = preSolution
		HideSolutionNode = FALSE
	EndGlobalSection
	GlobalSection(ExtensibilityGlobals) = postSolution
		SolutionGuid = {F882B8E6-B1AE-476A-B724-4729AE60E7AF}
	EndGlobalSection
EndGlobal
